PODS:
  - Alamofire (3.3.1)
  - Core (0.0.1):
    - Alamofire
    - ObjectMapper
    - SwiftString
  - Grades (0.0.1):
    - Core
  - Mensa (0.0.1):
    - Core
  - ObjectMapper (1.2.0)
  - SwiftString (0.5)

DEPENDENCIES:
  - Core (from `../`)
  - Grades (from `../`)
  - Mensa (from `../`)

EXTERNAL SOURCES:
  Core:
    :path: ../
  Grades:
    :path: ../
  Mensa:
    :path: ../

SPEC CHECKSUMS:
  Alamofire: 369bc67b6f5ac33ded3648d7bd21c5bfb91c2ecc
  Core: dde655c97cea474f863130a34d709684134f8f50
  Grades: bc6960018bc3cc20f712e70dfbc9a35de7bc7065
  Mensa: 3fa64364a4e5210e9e14897b2a9628c29185f858
  ObjectMapper: b1e9c7c8a9f6400b72690c80072c131504caa66f
  SwiftString: ec9c31c55b2aa147a1154f5f5f8483dc71e3165f

COCOAPODS: 0.39.0
