PODS:
  - Alamofire (3.1.5)
  - Core (0.0.1):
    - Alamofire (~> 3.1.5)
  - HTWGrades (0.0.1):
    - Alamofire
    - ObjectMapper
  - ObjectMapper (1.1.5)

DEPENDENCIES:
  - Core (from `git@github.com:HTWDD/iOS-Core.git`, commit `33a7ef1`)
  - HTWGrades (from `../`)

EXTERNAL SOURCES:
  Core:
    :commit: 33a7ef1
    :git: git@github.com:HTWDD/iOS-Core.git
  HTWGrades:
    :path: ../

CHECKOUT OPTIONS:
  Core:
    :commit: 33a7ef1
    :git: git@github.com:HTWDD/iOS-Core.git

SPEC CHECKSUMS:
  Alamofire: 5f730ba29fd113b7ddd71c1e65d0c630acf5d7b0
  Core: 41566cb90a5c60ad5554b411b70a343456bd0efb
  HTWGrades: 2d5a38e843bb0cb03545ac75e0038bf34b566116
  ObjectMapper: 528b1a6677a6acac7747edd508576983e76a9148

COCOAPODS: 0.39.0
