// !$*UTF8*$!
{
	archiveVersion = 1;
	classes = {
	};
	objectVersion = 46;
	objects = {

/* Begin PBXBuildFile section */
		B51104E11C89916400E962A2 /* AppDelegate.swift in Sources */ = {isa = PBXBuildFile; fileRef = B51104E01C89916400E962A2 /* AppDelegate.swift */; };
		B51104E81C89916400E962A2 /* Assets.xcassets in Resources */ = {isa = PBXBuildFile; fileRef = B51104E71C89916400E962A2 /* Assets.xcassets */; };
		B51104EB1C89916400E962A2 /* LaunchScreen.storyboard in Resources */ = {isa = PBXBuildFile; fileRef = B51104E91C89916400E962A2 /* LaunchScreen.storyboard */; };
		B51104F61C89916400E962A2 /* HTWDresdenTests.swift in Sources */ = {isa = PBXBuildFile; fileRef = B51104F51C89916400E962A2 /* HTWDresdenTests.swift */; };
		D5EE935B0B92E6329C8D405F /* Pods_HTWDresden.framework in Frameworks */ = {isa = PBXBuildFile; fileRef = 6260469B8146A32C77C0D02D /* Pods_HTWDresden.framework */; };
/* End PBXBuildFile section */

/* Begin PBXContainerItemProxy section */
		B51104F21C89916400E962A2 /* PBXContainerItemProxy */ = {
			isa = PBXContainerItemProxy;
			containerPortal = B51104D51C89916400E962A2 /* Project object */;
			proxyType = 1;
			remoteGlobalIDString = B51104DC1C89916400E962A2;
			remoteInfo = HTWDresden;
		};
/* End PBXContainerItemProxy section */

/* Begin PBXFileReference section */
		501BA722127D394D98B5BA8F /* Pods-HTWDresden.debug.xcconfig */ = {isa = PBXFileReference; includeInIndex = 1; lastKnownFileType = text.xcconfig; name = "Pods-HTWDresden.debug.xcconfig"; path = "Pods/Target Support Files/Pods-HTWDresden/Pods-HTWDresden.debug.xcconfig"; sourceTree = "<group>"; };
		6260469B8146A32C77C0D02D /* Pods_HTWDresden.framework */ = {isa = PBXFileReference; explicitFileType = wrapper.framework; includeInIndex = 0; path = Pods_HTWDresden.framework; sourceTree = BUILT_PRODUCTS_DIR; };
		B51104DD1C89916400E962A2 /* HTWDresden.app */ = {isa = PBXFileReference; explicitFileType = wrapper.application; includeInIndex = 0; path = HTWDresden.app; sourceTree = BUILT_PRODUCTS_DIR; };
		B51104E01C89916400E962A2 /* AppDelegate.swift */ = {isa = PBXFileReference; lastKnownFileType = sourcecode.swift; path = AppDelegate.swift; sourceTree = "<group>"; };
		B51104E71C89916400E962A2 /* Assets.xcassets */ = {isa = PBXFileReference; lastKnownFileType = folder.assetcatalog; path = Assets.xcassets; sourceTree = "<group>"; };
		B51104EA1C89916400E962A2 /* Base */ = {isa = PBXFileReference; lastKnownFileType = file.storyboard; name = Base; path = Base.lproj/LaunchScreen.storyboard; sourceTree = "<group>"; };
		B51104EC1C89916400E962A2 /* Info.plist */ = {isa = PBXFileReference; lastKnownFileType = text.plist.xml; path = Info.plist; sourceTree = "<group>"; };
		B51104F11C89916400E962A2 /* HTWDresdenTests.xctest */ = {isa = PBXFileReference; explicitFileType = wrapper.cfbundle; includeInIndex = 0; path = HTWDresdenTests.xctest; sourceTree = BUILT_PRODUCTS_DIR; };
		B51104F51C89916400E962A2 /* HTWDresdenTests.swift */ = {isa = PBXFileReference; lastKnownFileType = sourcecode.swift; path = HTWDresdenTests.swift; sourceTree = "<group>"; };
		B51104F71C89916400E962A2 /* Info.plist */ = {isa = PBXFileReference; lastKnownFileType = text.plist.xml; path = Info.plist; sourceTree = "<group>"; };
		DA7FD760B08EFE6EBF3927A6 /* Pods-HTWDresden.release.xcconfig */ = {isa = PBXFileReference; includeInIndex = 1; lastKnownFileType = text.xcconfig; name = "Pods-HTWDresden.release.xcconfig"; path = "Pods/Target Support Files/Pods-HTWDresden/Pods-HTWDresden.release.xcconfig"; sourceTree = "<group>"; };
/* End PBXFileReference section */

/* Begin PBXFrameworksBuildPhase section */
		B51104DA1C89916400E962A2 /* Frameworks */ = {
			isa = PBXFrameworksBuildPhase;
			buildActionMask = 2147483647;
			files = (
				D5EE935B0B92E6329C8D405F /* Pods_HTWDresden.framework in Frameworks */,
			);
			runOnlyForDeploymentPostprocessing = 0;
		};
		B51104EE1C89916400E962A2 /* Frameworks */ = {
			isa = PBXFrameworksBuildPhase;
			buildActionMask = 2147483647;
			files = (
			);
			runOnlyForDeploymentPostprocessing = 0;
		};
/* End PBXFrameworksBuildPhase section */

/* Begin PBXGroup section */
		6430D306CF5CC85C1DFDD0C8 /* Frameworks */ = {
			isa = PBXGroup;
			children = (
				6260469B8146A32C77C0D02D /* Pods_HTWDresden.framework */,
			);
			name = Frameworks;
			sourceTree = "<group>";
		};
		B51104D41C89916400E962A2 = {
			isa = PBXGroup;
			children = (
				B51104DF1C89916400E962A2 /* HTWDresden */,
				B51104F41C89916400E962A2 /* HTWDresdenTests */,
				B51104DE1C89916400E962A2 /* Products */,
				E41A0C1BEE31B6682FCF151A /* Pods */,
				6430D306CF5CC85C1DFDD0C8 /* Frameworks */,
			);
			sourceTree = "<group>";
		};
		B51104DE1C89916400E962A2 /* Products */ = {
			isa = PBXGroup;
			children = (
				B51104DD1C89916400E962A2 /* HTWDresden.app */,
				B51104F11C89916400E962A2 /* HTWDresdenTests.xctest */,
			);
			name = Products;
			sourceTree = "<group>";
		};
		B51104DF1C89916400E962A2 /* HTWDresden */ = {
			isa = PBXGroup;
			children = (
				B51104E01C89916400E962A2 /* AppDelegate.swift */,
				B51104E71C89916400E962A2 /* Assets.xcassets */,
				B51104E91C89916400E962A2 /* LaunchScreen.storyboard */,
				B51104EC1C89916400E962A2 /* Info.plist */,
			);
			path = HTWDresden;
			sourceTree = "<group>";
		};
		B51104F41C89916400E962A2 /* HTWDresdenTests */ = {
			isa = PBXGroup;
			children = (
				B51104F51C89916400E962A2 /* HTWDresdenTests.swift */,
				B51104F71C89916400E962A2 /* Info.plist */,
			);
			path = HTWDresdenTests;
			sourceTree = "<group>";
		};
		E41A0C1BEE31B6682FCF151A /* Pods */ = {
			isa = PBXGroup;
			children = (
				501BA722127D394D98B5BA8F /* Pods-HTWDresden.debug.xcconfig */,
				DA7FD760B08EFE6EBF3927A6 /* Pods-HTWDresden.release.xcconfig */,
			);
			name = Pods;
			sourceTree = "<group>";
		};
/* End PBXGroup section */

/* Begin PBXNativeTarget section */
		B51104DC1C89916400E962A2 /* HTWDresden */ = {
			isa = PBXNativeTarget;
			buildConfigurationList = B51104FA1C89916400E962A2 /* Build configuration list for PBXNativeTarget "HTWDresden" */;
			buildPhases = (
				E161339A29238099733CC458 /* Check Pods Manifest.lock */,
				B51104D91C89916400E962A2 /* Sources */,
				B51104DA1C89916400E962A2 /* Frameworks */,
				B51104DB1C89916400E962A2 /* Resources */,
				0F74576EB7A05B1AA37BDD23 /* Embed Pods Frameworks */,
				9A51A6FFFE75965BB5EE180D /* Copy Pods Resources */,
			);
			buildRules = (
			);
			dependencies = (
			);
			name = HTWDresden;
			productName = HTWDresden;
			productReference = B51104DD1C89916400E962A2 /* HTWDresden.app */;
			productType = "com.apple.product-type.application";
		};
		B51104F01C89916400E962A2 /* HTWDresdenTests */ = {
			isa = PBXNativeTarget;
			buildConfigurationList = B51104FD1C89916400E962A2 /* Build configuration list for PBXNativeTarget "HTWDresdenTests" */;
			buildPhases = (
				B51104ED1C89916400E962A2 /* Sources */,
				B51104EE1C89916400E962A2 /* Frameworks */,
				B51104EF1C89916400E962A2 /* Resources */,
			);
			buildRules = (
			);
			dependencies = (
				B51104F31C89916400E962A2 /* PBXTargetDependency */,
			);
			name = HTWDresdenTests;
			productName = HTWDresdenTests;
			productReference = B51104F11C89916400E962A2 /* HTWDresdenTests.xctest */;
			productType = "com.apple.product-type.bundle.unit-test";
		};
/* End PBXNativeTarget section */

/* Begin PBXProject section */
		B51104D51C89916400E962A2 /* Project object */ = {
			isa = PBXProject;
			attributes = {
				LastSwiftUpdateCheck = 0720;
				LastUpgradeCheck = 0720;
				ORGANIZATIONNAME = "HTW Dresden";
				TargetAttributes = {
					B51104DC1C89916400E962A2 = {
						CreatedOnToolsVersion = 7.2.1;
					};
					B51104F01C89916400E962A2 = {
						CreatedOnToolsVersion = 7.2.1;
						TestTargetID = B51104DC1C89916400E962A2;
					};
				};
			};
			buildConfigurationList = B51104D81C89916400E962A2 /* Build configuration list for PBXProject "HTWDresden" */;
			compatibilityVersion = "Xcode 3.2";
			developmentRegion = English;
			hasScannedForEncodings = 0;
			knownRegions = (
				en,
				Base,
			);
			mainGroup = B51104D41C89916400E962A2;
			productRefGroup = B51104DE1C89916400E962A2 /* Products */;
			projectDirPath = "";
			projectRoot = "";
			targets = (
				B51104DC1C89916400E962A2 /* HTWDresden */,
				B51104F01C89916400E962A2 /* HTWDresdenTests */,
			);
		};
/* End PBXProject section */

/* Begin PBXResourcesBuildPhase section */
		B51104DB1C89916400E962A2 /* Resources */ = {
			isa = PBXResourcesBuildPhase;
			buildActionMask = 2147483647;
			files = (
				B51104EB1C89916400E962A2 /* LaunchScreen.storyboard in Resources */,
				B51104E81C89916400E962A2 /* Assets.xcassets in Resources */,
			);
			runOnlyForDeploymentPostprocessing = 0;
		};
		B51104EF1C89916400E962A2 /* Resources */ = {
			isa = PBXResourcesBuildPhase;
			buildActionMask = 2147483647;
			files = (
			);
			runOnlyForDeploymentPostprocessing = 0;
		};
/* End PBXResourcesBuildPhase section */

/* Begin PBXShellScriptBuildPhase section */
		0F74576EB7A05B1AA37BDD23 /* Embed Pods Frameworks */ = {
			isa = PBXShellScriptBuildPhase;
			buildActionMask = 2147483647;
			files = (
			);
			inputPaths = (
			);
			name = "Embed Pods Frameworks";
			outputPaths = (
			);
			runOnlyForDeploymentPostprocessing = 0;
			shellPath = /bin/sh;
			shellScript = "\"${SRCROOT}/Pods/Target Support Files/Pods-HTWDresden/Pods-HTWDresden-frameworks.sh\"\n";
			showEnvVarsInLog = 0;
		};
		9A51A6FFFE75965BB5EE180D /* Copy Pods Resources */ = {
			isa = PBXShellScriptBuildPhase;
			buildActionMask = 2147483647;
			files = (
			);
			inputPaths = (
			);
			name = "Copy Pods Resources";
			outputPaths = (
			);
			runOnlyForDeploymentPostprocessing = 0;
			shellPath = /bin/sh;
			shellScript = "\"${SRCROOT}/Pods/Target Support Files/Pods-HTWDresden/Pods-HTWDresden-resources.sh\"\n";
			showEnvVarsInLog = 0;
		};
		E161339A29238099733CC458 /* Check Pods Manifest.lock */ = {
			isa = PBXShellScriptBuildPhase;
			buildActionMask = 2147483647;
			files = (
			);
			inputPaths = (
			);
			name = "Check Pods Manifest.lock";
			outputPaths = (
			);
			runOnlyForDeploymentPostprocessing = 0;
			shellPath = /bin/sh;
			shellScript = "diff \"${PODS_ROOT}/../Podfile.lock\" \"${PODS_ROOT}/Manifest.lock\" > /dev/null\nif [[ $? != 0 ]] ; then\n    cat << EOM\nerror: The sandbox is not in sync with the Podfile.lock. Run 'pod install' or update your CocoaPods installation.\nEOM\n    exit 1\nfi\n";
			showEnvVarsInLog = 0;
		};
/* End PBXShellScriptBuildPhase section */

/* Begin PBXSourcesBuildPhase section */
		B51104D91C89916400E962A2 /* Sources */ = {
			isa = PBXSourcesBuildPhase;
			buildActionMask = 2147483647;
			files = (
				B51104E11C89916400E962A2 /* AppDelegate.swift in Sources */,
			);
			runOnlyForDeploymentPostprocessing = 0;
		};
		B51104ED1C89916400E962A2 /* Sources */ = {
			isa = PBXSourcesBuildPhase;
			buildActionMask = 2147483647;
			files = (
				B51104F61C89916400E962A2 /* HTWDresdenTests.swift in Sources */,
			);
			runOnlyForDeploymentPostprocessing = 0;
		};
/* End PBXSourcesBuildPhase section */

/* Begin PBXTargetDependency section */
		B51104F31C89916400E962A2 /* PBXTargetDependency */ = {
			isa = PBXTargetDependency;
			target = B51104DC1C89916400E962A2 /* HTWDresden */;
			targetProxy = B51104F21C89916400E962A2 /* PBXContainerItemProxy */;
		};
/* End PBXTargetDependency section */

/* Begin PBXVariantGroup section */
		B51104E91C89916400E962A2 /* LaunchScreen.storyboard */ = {
			isa = PBXVariantGroup;
			children = (
				B51104EA1C89916400E962A2 /* Base */,
			);
			name = LaunchScreen.storyboard;
			sourceTree = "<group>";
		};
/* End PBXVariantGroup section */

/* Begin XCBuildConfiguration section */
		B51104F81C89916400E962A2 /* Debug */ = {
			isa = XCBuildConfiguration;
			buildSettings = {
				ALWAYS_SEARCH_USER_PATHS = NO;
				CLANG_CXX_LANGUAGE_STANDARD = "gnu++0x";
				CLANG_CXX_LIBRARY = "libc++";
				CLANG_ENABLE_MODULES = YES;
				CLANG_ENABLE_OBJC_ARC = YES;
				CLANG_WARN_BOOL_CONVERSION = YES;
				CLANG_WARN_CONSTANT_CONVERSION = YES;
				CLANG_WARN_DIRECT_OBJC_ISA_USAGE = YES_ERROR;
				CLANG_WARN_EMPTY_BODY = YES;
				CLANG_WARN_ENUM_CONVERSION = YES;
				CLANG_WARN_INT_CONVERSION = YES;
				CLANG_WARN_OBJC_ROOT_CLASS = YES_ERROR;
				CLANG_WARN_UNREACHABLE_CODE = YES;
				CLANG_WARN__DUPLICATE_METHOD_MATCH = YES;
				"CODE_SIGN_IDENTITY[sdk=iphoneos*]" = "iPhone Developer";
				COPY_PHASE_STRIP = NO;
				DEBUG_INFORMATION_FORMAT = dwarf;
				ENABLE_STRICT_OBJC_MSGSEND = YES;
				ENABLE_TESTABILITY = YES;
				GCC_C_LANGUAGE_STANDARD = gnu99;
				GCC_DYNAMIC_NO_PIC = NO;
				GCC_NO_COMMON_BLOCKS = YES;
				GCC_OPTIMIZATION_LEVEL = 0;
				GCC_PREPROCESSOR_DEFINITIONS = (
					"DEBUG=1",
					"$(inherited)",
				);
				GCC_WARN_64_TO_32_BIT_CONVERSION = YES;
				GCC_WARN_ABOUT_RETURN_TYPE = YES_ERROR;
				GCC_WARN_UNDECLARED_SELECTOR = YES;
				GCC_WARN_UNINITIALIZED_AUTOS = YES_AGGRESSIVE;
				GCC_WARN_UNUSED_FUNCTION = YES;
				GCC_WARN_UNUSED_VARIABLE = YES;
				IPHONEOS_DEPLOYMENT_TARGET = 9.2;
				MTL_ENABLE_DEBUG_INFO = YES;
				ONLY_ACTIVE_ARCH = YES;
				SDKROOT = iphoneos;
				SWIFT_OPTIMIZATION_LEVEL = "-Onone";
				TARGETED_DEVICE_FAMILY = "1,2";
			};
			name = Debug;
		};
		B51104F91C89916400E962A2 /* Release */ = {
			isa = XCBuildConfiguration;
			buildSettings = {
				ALWAYS_SEARCH_USER_PATHS = NO;
				CLANG_CXX_LANGUAGE_STANDARD = "gnu++0x";
				CLANG_CXX_LIBRARY = "libc++";
				CLANG_ENABLE_MODULES = YES;
				CLANG_ENABLE_OBJC_ARC = YES;
				CLANG_WARN_BOOL_CONVERSION = YES;
				CLANG_WARN_CONSTANT_CONVERSION = YES;
				CLANG_WARN_DIRECT_OBJC_ISA_USAGE = YES_ERROR;
				CLANG_WARN_EMPTY_BODY = YES;
				CLANG_WARN_ENUM_CONVERSION = YES;
				CLANG_WARN_INT_CONVERSION = YES;
				CLANG_WARN_OBJC_ROOT_CLASS = YES_ERROR;
				CLANG_WARN_UNREACHABLE_CODE = YES;
				CLANG_WARN__DUPLICATE_METHOD_MATCH = YES;
				"CODE_SIGN_IDENTITY[sdk=iphoneos*]" = "iPhone Developer";
				COPY_PHASE_STRIP = NO;
				DEBUG_INFORMATION_FORMAT = "dwarf-with-dsym";
				ENABLE_NS_ASSERTIONS = NO;
				ENABLE_STRICT_OBJC_MSGSEND = YES;
				GCC_C_LANGUAGE_STANDARD = gnu99;
				GCC_NO_COMMON_BLOCKS = YES;
				GCC_WARN_64_TO_32_BIT_CONVERSION = YES;
				GCC_WARN_ABOUT_RETURN_TYPE = YES_ERROR;
				GCC_WARN_UNDECLARED_SELECTOR = YES;
				GCC_WARN_UNINITIALIZED_AUTOS = YES_AGGRESSIVE;
				GCC_WARN_UNUSED_FUNCTION = YES;
				GCC_WARN_UNUSED_VARIABLE = YES;
				IPHONEOS_DEPLOYMENT_TARGET = 9.2;
				MTL_ENABLE_DEBUG_INFO = NO;
				SDKROOT = iphoneos;
				TARGETED_DEVICE_FAMILY = "1,2";
				VALIDATE_PRODUCT = YES;
			};
			name = Release;
		};
		B51104FB1C89916400E962A2 /* Debug */ = {
			isa = XCBuildConfiguration;
			baseConfigurationReference = 501BA722127D394D98B5BA8F /* Pods-HTWDresden.debug.xcconfig */;
			buildSettings = {
				ASSETCATALOG_COMPILER_APPICON_NAME = AppIcon;
				INFOPLIST_FILE = HTWDresden/Info.plist;
				LD_RUNPATH_SEARCH_PATHS = "$(inherited) @executable_path/Frameworks";
				PRODUCT_BUNDLE_IDENTIFIER = "de.htw-dresden.HTWDresden";
				PRODUCT_NAME = "$(TARGET_NAME)";
			};
			name = Debug;
		};
		B51104FC1C89916400E962A2 /* Release */ = {
			isa = XCBuildConfiguration;
			baseConfigurationReference = DA7FD760B08EFE6EBF3927A6 /* Pods-HTWDresden.release.xcconfig */;
			buildSettings = {
				ASSETCATALOG_COMPILER_APPICON_NAME = AppIcon;
				INFOPLIST_FILE = HTWDresden/Info.plist;
				LD_RUNPATH_SEARCH_PATHS = "$(inherited) @executable_path/Frameworks";
				PRODUCT_BUNDLE_IDENTIFIER = "de.htw-dresden.HTWDresden";
				PRODUCT_NAME = "$(TARGET_NAME)";
			};
			name = Release;
		};
		B51104FE1C89916400E962A2 /* Debug */ = {
			isa = XCBuildConfiguration;
			buildSettings = {
				BUNDLE_LOADER = "$(TEST_HOST)";
				INFOPLIST_FILE = HTWDresdenTests/Info.plist;
				LD_RUNPATH_SEARCH_PATHS = "$(inherited) @executable_path/Frameworks @loader_path/Frameworks";
				PRODUCT_BUNDLE_IDENTIFIER = "de.htw-dresden.HTWDresdenTests";
				PRODUCT_NAME = "$(TARGET_NAME)";
				TEST_HOST = "$(BUILT_PRODUCTS_DIR)/HTWDresden.app/HTWDresden";
			};
			name = Debug;
		};
		B51104FF1C89916400E962A2 /* Release */ = {
			isa = XCBuildConfiguration;
			buildSettings = {
				BUNDLE_LOADER = "$(TEST_HOST)";
				INFOPLIST_FILE = HTWDresdenTests/Info.plist;
				LD_RUNPATH_SEARCH_PATHS = "$(inherited) @executable_path/Frameworks @loader_path/Frameworks";
				PRODUCT_BUNDLE_IDENTIFIER = "de.htw-dresden.HTWDresdenTests";
				PRODUCT_NAME = "$(TARGET_NAME)";
				TEST_HOST = "$(BUILT_PRODUCTS_DIR)/HTWDresden.app/HTWDresden";
			};
			name = Release;
		};
/* End XCBuildConfiguration section */

/* Begin XCConfigurationList section */
		B51104D81C89916400E962A2 /* Build configuration list for PBXProject "HTWDresden" */ = {
			isa = XCConfigurationList;
			buildConfigurations = (
				B51104F81C89916400E962A2 /* Debug */,
				B51104F91C89916400E962A2 /* Release */,
			);
			defaultConfigurationIsVisible = 0;
			defaultConfigurationName = Release;
		};
		B51104FA1C89916400E962A2 /* Build configuration list for PBXNativeTarget "HTWDresden" */ = {
			isa = XCConfigurationList;
			buildConfigurations = (
				B51104FB1C89916400E962A2 /* Debug */,
				B51104FC1C89916400E962A2 /* Release */,
			);
			defaultConfigurationIsVisible = 0;
			defaultConfigurationName = Release;
		};
		B51104FD1C89916400E962A2 /* Build configuration list for PBXNativeTarget "HTWDresdenTests" */ = {
			isa = XCConfigurationList;
			buildConfigurations = (
				B51104FE1C89916400E962A2 /* Debug */,
				B51104FF1C89916400E962A2 /* Release */,
			);
			defaultConfigurationIsVisible = 0;
			defaultConfigurationName = Release;
		};
/* End XCConfigurationList section */
	};
	rootObject = B51104D51C89916400E962A2 /* Project object */;
}
